// !$*UTF8*$!
{
	archiveVersion = 1;
	classes = {
	};
	objectVersion = 46;
	objects = {

/* Begin PBXBuildFile section */
		817CCC2B1BDE4F9D00E16D9A /* Google_MapsTests.m in Sources */ = {isa = PBXBuildFile; fileRef = 817CCC2A1BDE4F9D00E16D9A /* Google_MapsTests.m */; };
		817CCC361BDE4F9D00E16D9A /* Google_MapsUITests.m in Sources */ = {isa = PBXBuildFile; fileRef = 817CCC351BDE4F9D00E16D9A /* Google_MapsUITests.m */; };
		817CCC521BDE4FD700E16D9A /* AppDelegate.m in Sources */ = {isa = PBXBuildFile; fileRef = 817CCC451BDE4FD700E16D9A /* AppDelegate.m */; };
		817CCC531BDE4FD700E16D9A /* ViewController.m in Sources */ = {isa = PBXBuildFile; fileRef = 817CCC481BDE4FD700E16D9A /* ViewController.m */; };
		817CCC541BDE4FD700E16D9A /* Assets.xcassets in Resources */ = {isa = PBXBuildFile; fileRef = 817CCC4A1BDE4FD700E16D9A /* Assets.xcassets */; };
		817CCC551BDE4FD700E16D9A /* LaunchScreen.storyboard in Resources */ = {isa = PBXBuildFile; fileRef = 817CCC4B1BDE4FD700E16D9A /* LaunchScreen.storyboard */; };
		817CCC561BDE4FD700E16D9A /* Main.storyboard in Resources */ = {isa = PBXBuildFile; fileRef = 817CCC4D1BDE4FD700E16D9A /* Main.storyboard */; };
		817CCC581BDE4FD700E16D9A /* main.m in Sources */ = {isa = PBXBuildFile; fileRef = 817CCC511BDE4FD700E16D9A /* main.m */; };
/* End PBXBuildFile section */

/* Begin PBXContainerItemProxy section */
		817CCC271BDE4F9D00E16D9A /* PBXContainerItemProxy */ = {
			isa = PBXContainerItemProxy;
			containerPortal = 817CCC051BDE4F9C00E16D9A /* Project object */;
			proxyType = 1;
			remoteGlobalIDString = 817CCC0C1BDE4F9D00E16D9A;
			remoteInfo = "Google Maps";
		};
		817CCC321BDE4F9D00E16D9A /* PBXContainerItemProxy */ = {
			isa = PBXContainerItemProxy;
			containerPortal = 817CCC051BDE4F9C00E16D9A /* Project object */;
			proxyType = 1;
			remoteGlobalIDString = 817CCC0C1BDE4F9D00E16D9A;
			remoteInfo = "Google Maps";
		};
/* End PBXContainerItemProxy section */

/* Begin PBXFileReference section */
		817CCC0D1BDE4F9D00E16D9A /* Google Maps.app */ = {isa = PBXFileReference; explicitFileType = wrapper.application; includeInIndex = 0; path = "Google Maps.app"; sourceTree = BUILT_PRODUCTS_DIR; };
		817CCC261BDE4F9D00E16D9A /* Google MapsTests.xctest */ = {isa = PBXFileReference; explicitFileType = wrapper.cfbundle; includeInIndex = 0; path = "Google MapsTests.xctest"; sourceTree = BUILT_PRODUCTS_DIR; };
		817CCC2A1BDE4F9D00E16D9A /* Google_MapsTests.m */ = {isa = PBXFileReference; lastKnownFileType = sourcecode.c.objc; path = Google_MapsTests.m; sourceTree = "<group>"; };
		817CCC2C1BDE4F9D00E16D9A /* Info.plist */ = {isa = PBXFileReference; lastKnownFileType = text.plist.xml; path = Info.plist; sourceTree = "<group>"; };
		817CCC311BDE4F9D00E16D9A /* Google MapsUITests.xctest */ = {isa = PBXFileReference; explicitFileType = wrapper.cfbundle; includeInIndex = 0; path = "Google MapsUITests.xctest"; sourceTree = BUILT_PRODUCTS_DIR; };
		817CCC351BDE4F9D00E16D9A /* Google_MapsUITests.m */ = {isa = PBXFileReference; lastKnownFileType = sourcecode.c.objc; path = Google_MapsUITests.m; sourceTree = "<group>"; };
		817CCC371BDE4F9D00E16D9A /* Info.plist */ = {isa = PBXFileReference; lastKnownFileType = text.plist.xml; path = Info.plist; sourceTree = "<group>"; };
		817CCC441BDE4FD700E16D9A /* AppDelegate.h */ = {isa = PBXFileReference; fileEncoding = 4; lastKnownFileType = sourcecode.c.h; path = AppDelegate.h; sourceTree = "<group>"; };
		817CCC451BDE4FD700E16D9A /* AppDelegate.m */ = {isa = PBXFileReference; fileEncoding = 4; lastKnownFileType = sourcecode.c.objc; path = AppDelegate.m; sourceTree = "<group>"; };
		817CCC471BDE4FD700E16D9A /* ViewController.h */ = {isa = PBXFileReference; fileEncoding = 4; lastKnownFileType = sourcecode.c.h; path = ViewController.h; sourceTree = "<group>"; };
		817CCC481BDE4FD700E16D9A /* ViewController.m */ = {isa = PBXFileReference; fileEncoding = 4; lastKnownFileType = sourcecode.c.objc; path = ViewController.m; sourceTree = "<group>"; };
		817CCC4A1BDE4FD700E16D9A /* Assets.xcassets */ = {isa = PBXFileReference; lastKnownFileType = folder.assetcatalog; path = Assets.xcassets; sourceTree = "<group>"; };
		817CCC4C1BDE4FD700E16D9A /* Base */ = {isa = PBXFileReference; lastKnownFileType = file.storyboard; name = Base; path = Base.lproj/LaunchScreen.storyboard; sourceTree = "<group>"; };
		817CCC4E1BDE4FD700E16D9A /* Base */ = {isa = PBXFileReference; lastKnownFileType = file.storyboard; name = Base; path = Base.lproj/Main.storyboard; sourceTree = "<group>"; };
		817CCC501BDE4FD700E16D9A /* Info.plist */ = {isa = PBXFileReference; fileEncoding = 4; lastKnownFileType = text.plist.xml; path = Info.plist; sourceTree = "<group>"; };
		817CCC511BDE4FD700E16D9A /* main.m */ = {isa = PBXFileReference; fileEncoding = 4; lastKnownFileType = sourcecode.c.objc; path = main.m; sourceTree = "<group>"; };
/* End PBXFileReference section */

/* Begin PBXFrameworksBuildPhase section */
		817CCC0A1BDE4F9D00E16D9A /* Frameworks */ = {
			isa = PBXFrameworksBuildPhase;
			buildActionMask = 2147483647;
			files = (
			);
			runOnlyForDeploymentPostprocessing = 0;
		};
		817CCC231BDE4F9D00E16D9A /* Frameworks */ = {
			isa = PBXFrameworksBuildPhase;
			buildActionMask = 2147483647;
			files = (
			);
			runOnlyForDeploymentPostprocessing = 0;
		};
		817CCC2E1BDE4F9D00E16D9A /* Frameworks */ = {
			isa = PBXFrameworksBuildPhase;
			buildActionMask = 2147483647;
			files = (
			);
			runOnlyForDeploymentPostprocessing = 0;
		};
/* End PBXFrameworksBuildPhase section */

/* Begin PBXGroup section */
		817CCC041BDE4F9C00E16D9A = {
			isa = PBXGroup;
			children = (
				817CCC0F1BDE4F9D00E16D9A /* Google Maps */,
				817CCC291BDE4F9D00E16D9A /* Google MapsTests */,
				817CCC341BDE4F9D00E16D9A /* Google MapsUITests */,
				817CCC0E1BDE4F9D00E16D9A /* Products */,
			);
			sourceTree = "<group>";
		};
		817CCC0E1BDE4F9D00E16D9A /* Products */ = {
			isa = PBXGroup;
			children = (
				817CCC0D1BDE4F9D00E16D9A /* Google Maps.app */,
				817CCC261BDE4F9D00E16D9A /* Google MapsTests.xctest */,
				817CCC311BDE4F9D00E16D9A /* Google MapsUITests.xctest */,
			);
			name = Products;
			sourceTree = "<group>";
		};
		817CCC0F1BDE4F9D00E16D9A /* Google Maps */ = {
			isa = PBXGroup;
			children = (
				817CCC431BDE4FD700E16D9A /* AppDelegate */,
				817CCC461BDE4FD700E16D9A /* Controllers */,
				817CCC491BDE4FD700E16D9A /* Resources */,
				817CCC4F1BDE4FD700E16D9A /* Supporting Files */,
			);
			path = "Google Maps";
			sourceTree = "<group>";
		};
		817CCC291BDE4F9D00E16D9A /* Google MapsTests */ = {
			isa = PBXGroup;
			children = (
				817CCC2A1BDE4F9D00E16D9A /* Google_MapsTests.m */,
				817CCC2C1BDE4F9D00E16D9A /* Info.plist */,
			);
			path = "Google MapsTests";
			sourceTree = "<group>";
		};
		817CCC341BDE4F9D00E16D9A /* Google MapsUITests */ = {
			isa = PBXGroup;
			children = (
				817CCC351BDE4F9D00E16D9A /* Google_MapsUITests.m */,
				817CCC371BDE4F9D00E16D9A /* Info.plist */,
			);
			path = "Google MapsUITests";
			sourceTree = "<group>";
		};
		817CCC431BDE4FD700E16D9A /* AppDelegate */ = {
			isa = PBXGroup;
			children = (
				817CCC441BDE4FD700E16D9A /* AppDelegate.h */,
				817CCC451BDE4FD700E16D9A /* AppDelegate.m */,
			);
			path = AppDelegate;
			sourceTree = "<group>";
		};
		817CCC461BDE4FD700E16D9A /* Controllers */ = {
			isa = PBXGroup;
			children = (
				817CCC471BDE4FD700E16D9A /* ViewController.h */,
				817CCC481BDE4FD700E16D9A /* ViewController.m */,
			);
			path = Controllers;
			sourceTree = "<group>";
		};
		817CCC491BDE4FD700E16D9A /* Resources */ = {
			isa = PBXGroup;
			children = (
				817CCC4A1BDE4FD700E16D9A /* Assets.xcassets */,
				817CCC4B1BDE4FD700E16D9A /* LaunchScreen.storyboard */,
				817CCC4D1BDE4FD700E16D9A /* Main.storyboard */,
			);
			path = Resources;
			sourceTree = "<group>";
		};
		817CCC4F1BDE4FD700E16D9A /* Supporting Files */ = {
			isa = PBXGroup;
			children = (
				817CCC501BDE4FD700E16D9A /* Info.plist */,
				817CCC511BDE4FD700E16D9A /* main.m */,
			);
			path = "Supporting Files";
			sourceTree = "<group>";
		};
/* End PBXGroup section */

/* Begin PBXNativeTarget section */
		817CCC0C1BDE4F9D00E16D9A /* Google Maps */ = {
			isa = PBXNativeTarget;
			buildConfigurationList = 817CCC3A1BDE4F9D00E16D9A /* Build configuration list for PBXNativeTarget "Google Maps" */;
			buildPhases = (
				817CCC091BDE4F9D00E16D9A /* Sources */,
				817CCC0A1BDE4F9D00E16D9A /* Frameworks */,
				817CCC0B1BDE4F9D00E16D9A /* Resources */,
			);
			buildRules = (
			);
			dependencies = (
			);
			name = "Google Maps";
			productName = "Google Maps";
			productReference = 817CCC0D1BDE4F9D00E16D9A /* Google Maps.app */;
			productType = "com.apple.product-type.application";
		};
		817CCC251BDE4F9D00E16D9A /* Google MapsTests */ = {
			isa = PBXNativeTarget;
			buildConfigurationList = 817CCC3D1BDE4F9D00E16D9A /* Build configuration list for PBXNativeTarget "Google MapsTests" */;
			buildPhases = (
				817CCC221BDE4F9D00E16D9A /* Sources */,
				817CCC231BDE4F9D00E16D9A /* Frameworks */,
				817CCC241BDE4F9D00E16D9A /* Resources */,
			);
			buildRules = (
			);
			dependencies = (
				817CCC281BDE4F9D00E16D9A /* PBXTargetDependency */,
			);
			name = "Google MapsTests";
			productName = "Google MapsTests";
			productReference = 817CCC261BDE4F9D00E16D9A /* Google MapsTests.xctest */;
			productType = "com.apple.product-type.bundle.unit-test";
		};
		817CCC301BDE4F9D00E16D9A /* Google MapsUITests */ = {
			isa = PBXNativeTarget;
			buildConfigurationList = 817CCC401BDE4F9D00E16D9A /* Build configuration list for PBXNativeTarget "Google MapsUITests" */;
			buildPhases = (
				817CCC2D1BDE4F9D00E16D9A /* Sources */,
				817CCC2E1BDE4F9D00E16D9A /* Frameworks */,
				817CCC2F1BDE4F9D00E16D9A /* Resources */,
			);
			buildRules = (
			);
			dependencies = (
				817CCC331BDE4F9D00E16D9A /* PBXTargetDependency */,
			);
			name = "Google MapsUITests";
			productName = "Google MapsUITests";
			productReference = 817CCC311BDE4F9D00E16D9A /* Google MapsUITests.xctest */;
			productType = "com.apple.product-type.bundle.ui-testing";
		};
/* End PBXNativeTarget section */

/* Begin PBXProject section */
		817CCC051BDE4F9C00E16D9A /* Project object */ = {
			isa = PBXProject;
			attributes = {
				LastUpgradeCheck = 0710;
				ORGANIZATIONNAME = "Treinamento Mobile";
				TargetAttributes = {
					817CCC0C1BDE4F9D00E16D9A = {
						CreatedOnToolsVersion = 7.1;
					};
					817CCC251BDE4F9D00E16D9A = {
						CreatedOnToolsVersion = 7.1;
						TestTargetID = 817CCC0C1BDE4F9D00E16D9A;
					};
					817CCC301BDE4F9D00E16D9A = {
						CreatedOnToolsVersion = 7.1;
						TestTargetID = 817CCC0C1BDE4F9D00E16D9A;
					};
				};
			};
			buildConfigurationList = 817CCC081BDE4F9C00E16D9A /* Build configuration list for PBXProject "Google Maps" */;
			compatibilityVersion = "Xcode 3.2";
			developmentRegion = English;
			hasScannedForEncodings = 0;
			knownRegions = (
				en,
				Base,
			);
			mainGroup = 817CCC041BDE4F9C00E16D9A;
			productRefGroup = 817CCC0E1BDE4F9D00E16D9A /* Products */;
			projectDirPath = "";
			projectRoot = "";
			targets = (
				817CCC0C1BDE4F9D00E16D9A /* Google Maps */,
				817CCC251BDE4F9D00E16D9A /* Google MapsTests */,
				817CCC301BDE4F9D00E16D9A /* Google MapsUITests */,
			);
		};
/* End PBXProject section */

/* Begin PBXResourcesBuildPhase section */
		817CCC0B1BDE4F9D00E16D9A /* Resources */ = {
			isa = PBXResourcesBuildPhase;
			buildActionMask = 2147483647;
			files = (
				817CCC541BDE4FD700E16D9A /* Assets.xcassets in Resources */,
				817CCC561BDE4FD700E16D9A /* Main.storyboard in Resources */,
				817CCC551BDE4FD700E16D9A /* LaunchScreen.storyboard in Resources */,
			);
			runOnlyForDeploymentPostprocessing = 0;
		};
		817CCC241BDE4F9D00E16D9A /* Resources */ = {
			isa = PBXResourcesBuildPhase;
			buildActionMask = 2147483647;
			files = (
			);
			runOnlyForDeploymentPostprocessing = 0;
		};
		817CCC2F1BDE4F9D00E16D9A /* Resources */ = {
			isa = PBXResourcesBuildPhase;
			buildActionMask = 2147483647;
			files = (
			);
			runOnlyForDeploymentPostprocessing = 0;
		};
/* End PBXResourcesBuildPhase section */

/* Begin PBXSourcesBuildPhase section */
		817CCC091BDE4F9D00E16D9A /* Sources */ = {
			isa = PBXSourcesBuildPhase;
			buildActionMask = 2147483647;
			files = (
				817CCC521BDE4FD700E16D9A /* AppDelegate.m in Sources */,
				817CCC581BDE4FD700E16D9A /* main.m in Sources */,
				817CCC531BDE4FD700E16D9A /* ViewController.m in Sources */,
			);
			runOnlyForDeploymentPostprocessing = 0;
		};
		817CCC221BDE4F9D00E16D9A /* Sources */ = {
			isa = PBXSourcesBuildPhase;
			buildActionMask = 2147483647;
			files = (
				817CCC2B1BDE4F9D00E16D9A /* Google_MapsTests.m in Sources */,
			);
			runOnlyForDeploymentPostprocessing = 0;
		};
		817CCC2D1BDE4F9D00E16D9A /* Sources */ = {
			isa = PBXSourcesBuildPhase;
			buildActionMask = 2147483647;
			files = (
				817CCC361BDE4F9D00E16D9A /* Google_MapsUITests.m in Sources */,
			);
			runOnlyForDeploymentPostprocessing = 0;
		};
/* End PBXSourcesBuildPhase section */

/* Begin PBXTargetDependency section */
		817CCC281BDE4F9D00E16D9A /* PBXTargetDependency */ = {
			isa = PBXTargetDependency;
			target = 817CCC0C1BDE4F9D00E16D9A /* Google Maps */;
			targetProxy = 817CCC271BDE4F9D00E16D9A /* PBXContainerItemProxy */;
		};
		817CCC331BDE4F9D00E16D9A /* PBXTargetDependency */ = {
			isa = PBXTargetDependency;
			target = 817CCC0C1BDE4F9D00E16D9A /* Google Maps */;
			targetProxy = 817CCC321BDE4F9D00E16D9A /* PBXContainerItemProxy */;
		};
/* End PBXTargetDependency section */

/* Begin PBXVariantGroup section */
		817CCC4B1BDE4FD700E16D9A /* LaunchScreen.storyboard */ = {
			isa = PBXVariantGroup;
			children = (
				817CCC4C1BDE4FD700E16D9A /* Base */,
			);
			name = LaunchScreen.storyboard;
			sourceTree = "<group>";
		};
		817CCC4D1BDE4FD700E16D9A /* Main.storyboard */ = {
			isa = PBXVariantGroup;
			children = (
				817CCC4E1BDE4FD700E16D9A /* Base */,
			);
			name = Main.storyboard;
			sourceTree = "<group>";
		};
/* End PBXVariantGroup section */

/* Begin XCBuildConfiguration section */
		817CCC381BDE4F9D00E16D9A /* Debug */ = {
			isa = XCBuildConfiguration;
			buildSettings = {
				ALWAYS_SEARCH_USER_PATHS = NO;
				CLANG_CXX_LANGUAGE_STANDARD = "gnu++0x";
				CLANG_CXX_LIBRARY = "libc++";
				CLANG_ENABLE_MODULES = YES;
				CLANG_ENABLE_OBJC_ARC = YES;
				CLANG_WARN_BOOL_CONVERSION = YES;
				CLANG_WARN_CONSTANT_CONVERSION = YES;
				CLANG_WARN_DIRECT_OBJC_ISA_USAGE = YES_ERROR;
				CLANG_WARN_EMPTY_BODY = YES;
				CLANG_WARN_ENUM_CONVERSION = YES;
				CLANG_WARN_INT_CONVERSION = YES;
				CLANG_WARN_OBJC_ROOT_CLASS = YES_ERROR;
				CLANG_WARN_UNREACHABLE_CODE = YES;
				CLANG_WARN__DUPLICATE_METHOD_MATCH = YES;
				"CODE_SIGN_IDENTITY[sdk=iphoneos*]" = "iPhone Developer";
				COPY_PHASE_STRIP = NO;
				DEBUG_INFORMATION_FORMAT = dwarf;
				ENABLE_STRICT_OBJC_MSGSEND = YES;
				ENABLE_TESTABILITY = YES;
				GCC_C_LANGUAGE_STANDARD = gnu99;
				GCC_DYNAMIC_NO_PIC = NO;
				GCC_NO_COMMON_BLOCKS = YES;
				GCC_OPTIMIZATION_LEVEL = 0;
				GCC_PREPROCESSOR_DEFINITIONS = (
					"DEBUG=1",
					"$(inherited)",
				);
				GCC_WARN_64_TO_32_BIT_CONVERSION = YES;
				GCC_WARN_ABOUT_RETURN_TYPE = YES_ERROR;
				GCC_WARN_UNDECLARED_SELECTOR = YES;
				GCC_WARN_UNINITIALIZED_AUTOS = YES_AGGRESSIVE;
				GCC_WARN_UNUSED_FUNCTION = YES;
				GCC_WARN_UNUSED_VARIABLE = YES;
				IPHONEOS_DEPLOYMENT_TARGET = 9.1;
				MTL_ENABLE_DEBUG_INFO = YES;
				ONLY_ACTIVE_ARCH = YES;
				SDKROOT = iphoneos;
				TARGETED_DEVICE_FAMILY = "1,2";
			};
			name = Debug;
		};
		817CCC391BDE4F9D00E16D9A /* Release */ = {
			isa = XCBuildConfiguration;
			buildSettings = {
				ALWAYS_SEARCH_USER_PATHS = NO;
				CLANG_CXX_LANGUAGE_STANDARD = "gnu++0x";
				CLANG_CXX_LIBRARY = "libc++";
				CLANG_ENABLE_MODULES = YES;
				CLANG_ENABLE_OBJC_ARC = YES;
				CLANG_WARN_BOOL_CONVERSION = YES;
				CLANG_WARN_CONSTANT_CONVERSION = YES;
				CLANG_WARN_DIRECT_OBJC_ISA_USAGE = YES_ERROR;
				CLANG_WARN_EMPTY_BODY = YES;
				CLANG_WARN_ENUM_CONVERSION = YES;
				CLANG_WARN_INT_CONVERSION = YES;
				CLANG_WARN_OBJC_ROOT_CLASS = YES_ERROR;
				CLANG_WARN_UNREACHABLE_CODE = YES;
				CLANG_WARN__DUPLICATE_METHOD_MATCH = YES;
				"CODE_SIGN_IDENTITY[sdk=iphoneos*]" = "iPhone Developer";
				COPY_PHASE_STRIP = NO;
				DEBUG_INFORMATION_FORMAT = "dwarf-with-dsym";
				ENABLE_NS_ASSERTIONS = NO;
				ENABLE_STRICT_OBJC_MSGSEND = YES;
				GCC_C_LANGUAGE_STANDARD = gnu99;
				GCC_NO_COMMON_BLOCKS = YES;
				GCC_WARN_64_TO_32_BIT_CONVERSION = YES;
				GCC_WARN_ABOUT_RETURN_TYPE = YES_ERROR;
				GCC_WARN_UNDECLARED_SELECTOR = YES;
				GCC_WARN_UNINITIALIZED_AUTOS = YES_AGGRESSIVE;
				GCC_WARN_UNUSED_FUNCTION = YES;
				GCC_WARN_UNUSED_VARIABLE = YES;
				IPHONEOS_DEPLOYMENT_TARGET = 9.1;
				MTL_ENABLE_DEBUG_INFO = NO;
				SDKROOT = iphoneos;
				TARGETED_DEVICE_FAMILY = "1,2";
				VALIDATE_PRODUCT = YES;
			};
			name = Release;
		};
		817CCC3B1BDE4F9D00E16D9A /* Debug */ = {
			isa = XCBuildConfiguration;
			buildSettings = {
				ASSETCATALOG_COMPILER_APPICON_NAME = AppIcon;
				INFOPLIST_FILE = "$(SRCROOT)/Google Maps/Supporting Files/Info.plist";
				LD_RUNPATH_SEARCH_PATHS = "$(inherited) @executable_path/Frameworks";
				PRODUCT_BUNDLE_IDENTIFIER = "squiter.Google-Maps";
				PRODUCT_NAME = "$(TARGET_NAME)";
			};
			name = Debug;
		};
		817CCC3C1BDE4F9D00E16D9A /* Release */ = {
			isa = XCBuildConfiguration;
			buildSettings = {
				ASSETCATALOG_COMPILER_APPICON_NAME = AppIcon;
				INFOPLIST_FILE = "$(SRCROOT)/Google Maps/Supporting Files/Info.plist";
				LD_RUNPATH_SEARCH_PATHS = "$(inherited) @executable_path/Frameworks";
				PRODUCT_BUNDLE_IDENTIFIER = "squiter.Google-Maps";
				PRODUCT_NAME = "$(TARGET_NAME)";
			};
			name = Release;
		};
		817CCC3E1BDE4F9D00E16D9A /* Debug */ = {
			isa = XCBuildConfiguration;
			buildSettings = {
				BUNDLE_LOADER = "$(TEST_HOST)";
				INFOPLIST_FILE = "Google MapsTests/Info.plist";
				LD_RUNPATH_SEARCH_PATHS = "$(inherited) @executable_path/Frameworks @loader_path/Frameworks";
				PRODUCT_BUNDLE_IDENTIFIER = "squiter.Google-MapsTests";
				PRODUCT_NAME = "$(TARGET_NAME)";
				TEST_HOST = "$(BUILT_PRODUCTS_DIR)/Google Maps.app/Google Maps";
			};
			name = Debug;
		};
		817CCC3F1BDE4F9D00E16D9A /* Release */ = {
			isa = XCBuildConfiguration;
			buildSettings = {
				BUNDLE_LOADER = "$(TEST_HOST)";
				INFOPLIST_FILE = "Google MapsTests/Info.plist";
				LD_RUNPATH_SEARCH_PATHS = "$(inherited) @executable_path/Frameworks @loader_path/Frameworks";
				PRODUCT_BUNDLE_IDENTIFIER = "squiter.Google-MapsTests";
				PRODUCT_NAME = "$(TARGET_NAME)";
				TEST_HOST = "$(BUILT_PRODUCTS_DIR)/Google Maps.app/Google Maps";
			};
			name = Release;
		};
		817CCC411BDE4F9D00E16D9A /* Debug */ = {
			isa = XCBuildConfiguration;
			buildSettings = {
				INFOPLIST_FILE = "Google MapsUITests/Info.plist";
				LD_RUNPATH_SEARCH_PATHS = "$(inherited) @executable_path/Frameworks @loader_path/Frameworks";
				PRODUCT_BUNDLE_IDENTIFIER = "squiter.Google-MapsUITests";
				PRODUCT_NAME = "$(TARGET_NAME)";
				TEST_TARGET_NAME = "Google Maps";
				USES_XCTRUNNER = YES;
			};
			name = Debug;
		};
		817CCC421BDE4F9D00E16D9A /* Release */ = {
			isa = XCBuildConfiguration;
			buildSettings = {
				INFOPLIST_FILE = "Google MapsUITests/Info.plist";
				LD_RUNPATH_SEARCH_PATHS = "$(inherited) @executable_path/Frameworks @loader_path/Frameworks";
				PRODUCT_BUNDLE_IDENTIFIER = "squiter.Google-MapsUITests";
				PRODUCT_NAME = "$(TARGET_NAME)";
				TEST_TARGET_NAME = "Google Maps";
				USES_XCTRUNNER = YES;
			};
			name = Release;
		};
/* End XCBuildConfiguration section */

/* Begin XCConfigurationList section */
		817CCC081BDE4F9C00E16D9A /* Build configuration list for PBXProject "Google Maps" */ = {
			isa = XCConfigurationList;
			buildConfigurations = (
				817CCC381BDE4F9D00E16D9A /* Debug */,
				817CCC391BDE4F9D00E16D9A /* Release */,
			);
			defaultConfigurationIsVisible = 0;
			defaultConfigurationName = Release;
		};
		817CCC3A1BDE4F9D00E16D9A /* Build configuration list for PBXNativeTarget "Google Maps" */ = {
			isa = XCConfigurationList;
			buildConfigurations = (
				817CCC3B1BDE4F9D00E16D9A /* Debug */,
				817CCC3C1BDE4F9D00E16D9A /* Release */,
			);
			defaultConfigurationIsVisible = 0;
		};
		817CCC3D1BDE4F9D00E16D9A /* Build configuration list for PBXNativeTarget "Google MapsTests" */ = {
			isa = XCConfigurationList;
			buildConfigurations = (
				817CCC3E1BDE4F9D00E16D9A /* Debug */,
				817CCC3F1BDE4F9D00E16D9A /* Release */,
			);
			defaultConfigurationIsVisible = 0;
		};
		817CCC401BDE4F9D00E16D9A /* Build configuration list for PBXNativeTarget "Google MapsUITests" */ = {
			isa = XCConfigurationList;
			buildConfigurations = (
				817CCC411BDE4F9D00E16D9A /* Debug */,
				817CCC421BDE4F9D00E16D9A /* Release */,
			);
			defaultConfigurationIsVisible = 0;
		};
/* End XCConfigurationList section */
	};
	rootObject = 817CCC051BDE4F9C00E16D9A /* Project object */;
}
